
Microsoft Visual Studio Solution File, Format Version 12.00
# Visual Studio Version 17
VisualStudioVersion = 17.11.35303.130
MinimumVisualStudioVersion = 10.0.40219.1
Project("{9A19103F-16F7-4668-BE54-9A1E7A4F7556}") = "BVV_Task_1", "BVV_Task_1\BVV_Task_1.csproj", "{77F4B27F-9473-4922-8B09-B30061D74356}"
EndProject
Project("{9A19103F-16F7-4668-BE54-9A1E7A4F7556}") = "BVV_Task_2", "BVV_Task_2\BVV_Task_2.csproj", "{CAEE9F16-9062-4C94-AC24-B4D7BB40CE1D}"
EndProject
Project("{9A19103F-16F7-4668-BE54-9A1E7A4F7556}") = "BVV_Task_4", "BVV_Task_4\BVV_Task_4.csproj", "{DD6F8D14-A7A9-4DA1-970C-94DF574C0B91}"
EndProject
Project("{9A19103F-16F7-4668-BE54-9A1E7A4F7556}") = "BVV_Task_5", "BVV_Task_5\BVV_Task_5.csproj", "{2CEBFE6F-2CE5-4F2E-930B-A86CA146D918}"
EndProject
Project("{FAE04EC0-301F-11D3-BF4B-00C04F79EFBC}") = "BVV_Task_7", "BVV_Task_7\BVV_Task_7.csproj", "{E4B490CB-4FE4-49A7-B66F-A8F6BF087972}"
EndProject
Global
	GlobalSection(SolutionConfigurationPlatforms) = preSolution
		Debug|Any CPU = Debug|Any CPU
		Release|Any CPU = Release|Any CPU
	EndGlobalSection
	GlobalSection(ProjectConfigurationPlatforms) = postSolution
		{77F4B27F-9473-4922-8B09-B30061D74356}.Debug|Any CPU.ActiveCfg = Debug|Any CPU
		{77F4B27F-9473-4922-8B09-B30061D74356}.Debug|Any CPU.Build.0 = Debug|Any CPU
		{77F4B27F-9473-4922-8B09-B30061D74356}.Release|Any CPU.ActiveCfg = Release|Any CPU
		{77F4B27F-9473-4922-8B09-B30061D74356}.Release|Any CPU.Build.0 = Release|Any CPU
		{CAEE9F16-9062-4C94-AC24-B4D7BB40CE1D}.Debug|Any CPU.ActiveCfg = Debug|Any CPU
		{CAEE9F16-9062-4C94-AC24-B4D7BB40CE1D}.Debug|Any CPU.Build.0 = Debug|Any CPU
		{CAEE9F16-9062-4C94-AC24-B4D7BB40CE1D}.Release|Any CPU.ActiveCfg = Release|Any CPU
		{CAEE9F16-9062-4C94-AC24-B4D7BB40CE1D}.Release|Any CPU.Build.0 = Release|Any CPU
		{DD6F8D14-A7A9-4DA1-970C-94DF574C0B91}.Debug|Any CPU.ActiveCfg = Debug|Any CPU
		{DD6F8D14-A7A9-4DA1-970C-94DF574C0B91}.Debug|Any CPU.Build.0 = Debug|Any CPU
		{DD6F8D14-A7A9-4DA1-970C-94DF574C0B91}.Release|Any CPU.ActiveCfg = Release|Any CPU
		{DD6F8D14-A7A9-4DA1-970C-94DF574C0B91}.Release|Any CPU.Build.0 = Release|Any CPU
		{2CEBFE6F-2CE5-4F2E-930B-A86CA146D918}.Debug|Any CPU.ActiveCfg = Debug|Any CPU
		{2CEBFE6F-2CE5-4F2E-930B-A86CA146D918}.Debug|Any CPU.Build.0 = Debug|Any CPU
		{2CEBFE6F-2CE5-4F2E-930B-A86CA146D918}.Release|Any CPU.ActiveCfg = Release|Any CPU
		{2CEBFE6F-2CE5-4F2E-930B-A86CA146D918}.Release|Any CPU.Build.0 = Release|Any CPU
		{E4B490CB-4FE4-49A7-B66F-A8F6BF087972}.Debug|Any CPU.ActiveCfg = Debug|Any CPU
		{E4B490CB-4FE4-49A7-B66F-A8F6BF087972}.Debug|Any CPU.Build.0 = Debug|Any CPU
		{E4B490CB-4FE4-49A7-B66F-A8F6BF087972}.Release|Any CPU.ActiveCfg = Release|Any CPU
		{E4B490CB-4FE4-49A7-B66F-A8F6BF087972}.Release|Any CPU.Build.0 = Release|Any CPU
	EndGlobalSection
	GlobalSection(SolutionProperties) = preSolution
		HideSolutionNode = FALSE
	EndGlobalSection
	GlobalSection(ExtensibilityGlobals) = postSolution
		SolutionGuid = {8AE7632C-06E5-480A-813E-5522256EBEE8}
	EndGlobalSection
EndGlobal
